
Microsoft Visual Studio Solution File, Format Version 12.00
# Visual Studio Version 16
VisualStudioVersion = 16.0.30503.244
MinimumVisualStudioVersion = 10.0.40219.1
Project("{FAE04EC0-301F-11D3-BF4B-00C04F79EFBC}") = "wi19b090_02.12.2020", "wi19b090_02.12.2020\wi19b090_02.12.2020.csproj", "{64583F66-886E-46D8-A1A2-16B2FDF8ED0A}"
EndProject
Global
	GlobalSection(SolutionConfigurationPlatforms) = preSolution
		Debug|Any CPU = Debug|Any CPU
		Release|Any CPU = Release|Any CPU
	EndGlobalSection
	GlobalSection(ProjectConfigurationPlatforms) = postSolution
		{64583F66-886E-46D8-A1A2-16B2FDF8ED0A}.Debug|Any CPU.ActiveCfg = Debug|Any CPU
		{64583F66-886E-46D8-A1A2-16B2FDF8ED0A}.Debug|Any CPU.Build.0 = Debug|Any CPU
		{64583F66-886E-46D8-A1A2-16B2FDF8ED0A}.Release|Any CPU.ActiveCfg = Release|Any CPU
		{64583F66-886E-46D8-A1A2-16B2FDF8ED0A}.Release|Any CPU.Build.0 = Release|Any CPU
	EndGlobalSection
	GlobalSection(SolutionProperties) = preSolution
		HideSolutionNode = FALSE
	EndGlobalSection
	GlobalSection(ExtensibilityGlobals) = postSolution
		SolutionGuid = {0B1C7629-22DE-4346-B0DF-1C165B0E921A}
	EndGlobalSection
EndGlobal
